// !$*UTF8*$!
{
	archiveVersion = 1;
	classes = {
	};
	objectVersion = 56;
	objects = {

/* Begin PBXBuildFile section */
		4E722D3C299483A40026FA61 /* AppDelegate.swift in Sources */ = {isa = PBXBuildFile; fileRef = 4E722D3B299483A40026FA61 /* AppDelegate.swift */; };
		4E722D3E299483A40026FA61 /* SceneDelegate.swift in Sources */ = {isa = PBXBuildFile; fileRef = 4E722D3D299483A40026FA61 /* SceneDelegate.swift */; };
		4E722D40299483A40026FA61 /* ViewController.swift in Sources */ = {isa = PBXBuildFile; fileRef = 4E722D3F299483A40026FA61 /* ViewController.swift */; };
		4E722D43299483A40026FA61 /* Main.storyboard in Resources */ = {isa = PBXBuildFile; fileRef = 4E722D41299483A40026FA61 /* Main.storyboard */; };
		4E722D45299483A50026FA61 /* Assets.xcassets in Resources */ = {isa = PBXBuildFile; fileRef = 4E722D44299483A50026FA61 /* Assets.xcassets */; };
		4E722D48299483A50026FA61 /* LaunchScreen.storyboard in Resources */ = {isa = PBXBuildFile; fileRef = 4E722D46299483A50026FA61 /* LaunchScreen.storyboard */; };
		4E722D53299483A50026FA61 /* CarCloudTests.swift in Sources */ = {isa = PBXBuildFile; fileRef = 4E722D52299483A50026FA61 /* CarCloudTests.swift */; };
		4E722D5D299483A50026FA61 /* CarCloudUITests.swift in Sources */ = {isa = PBXBuildFile; fileRef = 4E722D5C299483A50026FA61 /* CarCloudUITests.swift */; };
		4E722D5F299483A50026FA61 /* CarCloudUITestsLaunchTests.swift in Sources */ = {isa = PBXBuildFile; fileRef = 4E722D5E299483A50026FA61 /* CarCloudUITestsLaunchTests.swift */; };
		4E722D76299484DF0026FA61 /* CenterVC.swift in Sources */ = {isa = PBXBuildFile; fileRef = 4E722D6C299484DF0026FA61 /* CenterVC.swift */; };
		4E722D77299484DF0026FA61 /* HeadVC.swift in Sources */ = {isa = PBXBuildFile; fileRef = 4E722D6E299484DF0026FA61 /* HeadVC.swift */; };
		4E722D78299484DF0026FA61 /* BaseViewController.swift in Sources */ = {isa = PBXBuildFile; fileRef = 4E722D70299484DF0026FA61 /* BaseViewController.swift */; };
		4E722D79299484DF0026FA61 /* BaseNavigationController.swift in Sources */ = {isa = PBXBuildFile; fileRef = 4E722D71299484DF0026FA61 /* BaseNavigationController.swift */; };
		4E722D7A299484DF0026FA61 /* BaseTabbarViewController.swift in Sources */ = {isa = PBXBuildFile; fileRef = 4E722D72299484DF0026FA61 /* BaseTabbarViewController.swift */; };
		4E722D7B299484DF0026FA61 /* MySelfVC.swift in Sources */ = {isa = PBXBuildFile; fileRef = 4E722D75299484DF0026FA61 /* MySelfVC.swift */; };
/* End PBXBuildFile section */

/* Begin PBXContainerItemProxy section */
		4E722D4F299483A50026FA61 /* PBXContainerItemProxy */ = {
			isa = PBXContainerItemProxy;
			containerPortal = 4E722D30299483A40026FA61 /* Project object */;
			proxyType = 1;
			remoteGlobalIDString = 4E722D37299483A40026FA61;
			remoteInfo = CarCloud;
		};
		4E722D59299483A50026FA61 /* PBXContainerItemProxy */ = {
			isa = PBXContainerItemProxy;
			containerPortal = 4E722D30299483A40026FA61 /* Project object */;
			proxyType = 1;
			remoteGlobalIDString = 4E722D37299483A40026FA61;
			remoteInfo = CarCloud;
		};
/* End PBXContainerItemProxy section */

/* Begin PBXFileReference section */
		4E722D38299483A40026FA61 /* CarCloud.app */ = {isa = PBXFileReference; explicitFileType = wrapper.application; includeInIndex = 0; path = CarCloud.app; sourceTree = BUILT_PRODUCTS_DIR; };
		4E722D3B299483A40026FA61 /* AppDelegate.swift */ = {isa = PBXFileReference; lastKnownFileType = sourcecode.swift; path = AppDelegate.swift; sourceTree = "<group>"; };
		4E722D3D299483A40026FA61 /* SceneDelegate.swift */ = {isa = PBXFileReference; lastKnownFileType = sourcecode.swift; path = SceneDelegate.swift; sourceTree = "<group>"; };
		4E722D3F299483A40026FA61 /* ViewController.swift */ = {isa = PBXFileReference; lastKnownFileType = sourcecode.swift; path = ViewController.swift; sourceTree = "<group>"; };
		4E722D42299483A40026FA61 /* Base */ = {isa = PBXFileReference; lastKnownFileType = file.storyboard; name = Base; path = Base.lproj/Main.storyboard; sourceTree = "<group>"; };
		4E722D44299483A50026FA61 /* Assets.xcassets */ = {isa = PBXFileReference; lastKnownFileType = folder.assetcatalog; path = Assets.xcassets; sourceTree = "<group>"; };
		4E722D47299483A50026FA61 /* Base */ = {isa = PBXFileReference; lastKnownFileType = file.storyboard; name = Base; path = Base.lproj/LaunchScreen.storyboard; sourceTree = "<group>"; };
		4E722D49299483A50026FA61 /* Info.plist */ = {isa = PBXFileReference; lastKnownFileType = text.plist.xml; path = Info.plist; sourceTree = "<group>"; };
		4E722D4E299483A50026FA61 /* CarCloudTests.xctest */ = {isa = PBXFileReference; explicitFileType = wrapper.cfbundle; includeInIndex = 0; path = CarCloudTests.xctest; sourceTree = BUILT_PRODUCTS_DIR; };
		4E722D52299483A50026FA61 /* CarCloudTests.swift */ = {isa = PBXFileReference; lastKnownFileType = sourcecode.swift; path = CarCloudTests.swift; sourceTree = "<group>"; };
		4E722D58299483A50026FA61 /* CarCloudUITests.xctest */ = {isa = PBXFileReference; explicitFileType = wrapper.cfbundle; includeInIndex = 0; path = CarCloudUITests.xctest; sourceTree = BUILT_PRODUCTS_DIR; };
		4E722D5C299483A50026FA61 /* CarCloudUITests.swift */ = {isa = PBXFileReference; lastKnownFileType = sourcecode.swift; path = CarCloudUITests.swift; sourceTree = "<group>"; };
		4E722D5E299483A50026FA61 /* CarCloudUITestsLaunchTests.swift */ = {isa = PBXFileReference; lastKnownFileType = sourcecode.swift; path = CarCloudUITestsLaunchTests.swift; sourceTree = "<group>"; };
		4E722D6C299484DF0026FA61 /* CenterVC.swift */ = {isa = PBXFileReference; fileEncoding = 4; lastKnownFileType = sourcecode.swift; path = CenterVC.swift; sourceTree = "<group>"; };
		4E722D6E299484DF0026FA61 /* HeadVC.swift */ = {isa = PBXFileReference; fileEncoding = 4; lastKnownFileType = sourcecode.swift; path = HeadVC.swift; sourceTree = "<group>"; };
		4E722D70299484DF0026FA61 /* BaseViewController.swift */ = {isa = PBXFileReference; fileEncoding = 4; lastKnownFileType = sourcecode.swift; path = BaseViewController.swift; sourceTree = "<group>"; };
		4E722D71299484DF0026FA61 /* BaseNavigationController.swift */ = {isa = PBXFileReference; fileEncoding = 4; lastKnownFileType = sourcecode.swift; path = BaseNavigationController.swift; sourceTree = "<group>"; };
		4E722D72299484DF0026FA61 /* BaseTabbarViewController.swift */ = {isa = PBXFileReference; fileEncoding = 4; lastKnownFileType = sourcecode.swift; path = BaseTabbarViewController.swift; sourceTree = "<group>"; };
		4E722D75299484DF0026FA61 /* MySelfVC.swift */ = {isa = PBXFileReference; fileEncoding = 4; lastKnownFileType = sourcecode.swift; path = MySelfVC.swift; sourceTree = "<group>"; };
/* End PBXFileReference section */

/* Begin PBXFrameworksBuildPhase section */
		4E722D35299483A40026FA61 /* Frameworks */ = {
			isa = PBXFrameworksBuildPhase;
			buildActionMask = 2147483647;
			files = (
			);
			runOnlyForDeploymentPostprocessing = 0;
		};
		4E722D4B299483A50026FA61 /* Frameworks */ = {
			isa = PBXFrameworksBuildPhase;
			buildActionMask = 2147483647;
			files = (
			);
			runOnlyForDeploymentPostprocessing = 0;
		};
		4E722D55299483A50026FA61 /* Frameworks */ = {
			isa = PBXFrameworksBuildPhase;
			buildActionMask = 2147483647;
			files = (
			);
			runOnlyForDeploymentPostprocessing = 0;
		};
/* End PBXFrameworksBuildPhase section */

/* Begin PBXGroup section */
		4E722D2F299483A40026FA61 = {
			isa = PBXGroup;
			children = (
				4E722D3A299483A40026FA61 /* CarCloud */,
				4E722D51299483A50026FA61 /* CarCloudTests */,
				4E722D5B299483A50026FA61 /* CarCloudUITests */,
				4E722D39299483A40026FA61 /* Products */,
			);
			sourceTree = "<group>";
		};
		4E722D39299483A40026FA61 /* Products */ = {
			isa = PBXGroup;
			children = (
				4E722D38299483A40026FA61 /* CarCloud.app */,
				4E722D4E299483A50026FA61 /* CarCloudTests.xctest */,
				4E722D58299483A50026FA61 /* CarCloudUITests.xctest */,
			);
			name = Products;
			sourceTree = "<group>";
		};
		4E722D3A299483A40026FA61 /* CarCloud */ = {
			isa = PBXGroup;
			children = (
				4E722D6F299484DF0026FA61 /* BaseTabBar */,
				4E722D6B299484DF0026FA61 /* Center */,
				4E722D6D299484DF0026FA61 /* Header */,
				4E722D74299484DF0026FA61 /* MySelf */,
				4E722D73299484DF0026FA61 /* SwiftBase */,
				4E722D3B299483A40026FA61 /* AppDelegate.swift */,
				4E722D3D299483A40026FA61 /* SceneDelegate.swift */,
				4E722D3F299483A40026FA61 /* ViewController.swift */,
				4E722D41299483A40026FA61 /* Main.storyboard */,
				4E722D44299483A50026FA61 /* Assets.xcassets */,
				4E722D46299483A50026FA61 /* LaunchScreen.storyboard */,
				4E722D49299483A50026FA61 /* Info.plist */,
			);
			path = CarCloud;
			sourceTree = "<group>";
		};
		4E722D51299483A50026FA61 /* CarCloudTests */ = {
			isa = PBXGroup;
			children = (
				4E722D52299483A50026FA61 /* CarCloudTests.swift */,
			);
			path = CarCloudTests;
			sourceTree = "<group>";
		};
		4E722D5B299483A50026FA61 /* CarCloudUITests */ = {
			isa = PBXGroup;
			children = (
				4E722D5C299483A50026FA61 /* CarCloudUITests.swift */,
				4E722D5E299483A50026FA61 /* CarCloudUITestsLaunchTests.swift */,
			);
			path = CarCloudUITests;
			sourceTree = "<group>";
		};
		4E722D6B299484DF0026FA61 /* Center */ = {
			isa = PBXGroup;
			children = (
				4E722D6C299484DF0026FA61 /* CenterVC.swift */,
			);
			path = Center;
			sourceTree = "<group>";
		};
		4E722D6D299484DF0026FA61 /* Header */ = {
			isa = PBXGroup;
			children = (
				4E722D6E299484DF0026FA61 /* HeadVC.swift */,
			);
			path = Header;
			sourceTree = "<group>";
		};
		4E722D6F299484DF0026FA61 /* BaseTabBar */ = {
			isa = PBXGroup;
			children = (
				4E722D70299484DF0026FA61 /* BaseViewController.swift */,
				4E722D71299484DF0026FA61 /* BaseNavigationController.swift */,
				4E722D72299484DF0026FA61 /* BaseTabbarViewController.swift */,
			);
			path = BaseTabBar;
			sourceTree = "<group>";
		};
		4E722D73299484DF0026FA61 /* SwiftBase */ = {
			isa = PBXGroup;
			children = (
			);
			path = SwiftBase;
			sourceTree = "<group>";
		};
		4E722D74299484DF0026FA61 /* MySelf */ = {
			isa = PBXGroup;
			children = (
				4E722D75299484DF0026FA61 /* MySelfVC.swift */,
			);
			path = MySelf;
			sourceTree = "<group>";
		};
/* End PBXGroup section */

/* Begin PBXNativeTarget section */
		4E722D37299483A40026FA61 /* CarCloud */ = {
			isa = PBXNativeTarget;
			buildConfigurationList = 4E722D62299483A50026FA61 /* Build configuration list for PBXNativeTarget "CarCloud" */;
			buildPhases = (
				4E722D34299483A40026FA61 /* Sources */,
				4E722D35299483A40026FA61 /* Frameworks */,
				4E722D36299483A40026FA61 /* Resources */,
			);
			buildRules = (
			);
			dependencies = (
			);
			name = CarCloud;
			productName = CarCloud;
			productReference = 4E722D38299483A40026FA61 /* CarCloud.app */;
			productType = "com.apple.product-type.application";
		};
		4E722D4D299483A50026FA61 /* CarCloudTests */ = {
			isa = PBXNativeTarget;
			buildConfigurationList = 4E722D65299483A50026FA61 /* Build configuration list for PBXNativeTarget "CarCloudTests" */;
			buildPhases = (
				4E722D4A299483A50026FA61 /* Sources */,
				4E722D4B299483A50026FA61 /* Frameworks */,
				4E722D4C299483A50026FA61 /* Resources */,
			);
			buildRules = (
			);
			dependencies = (
				4E722D50299483A50026FA61 /* PBXTargetDependency */,
			);
			name = CarCloudTests;
			productName = CarCloudTests;
			productReference = 4E722D4E299483A50026FA61 /* CarCloudTests.xctest */;
			productType = "com.apple.product-type.bundle.unit-test";
		};
		4E722D57299483A50026FA61 /* CarCloudUITests */ = {
			isa = PBXNativeTarget;
			buildConfigurationList = 4E722D68299483A50026FA61 /* Build configuration list for PBXNativeTarget "CarCloudUITests" */;
			buildPhases = (
				4E722D54299483A50026FA61 /* Sources */,
				4E722D55299483A50026FA61 /* Frameworks */,
				4E722D56299483A50026FA61 /* Resources */,
			);
			buildRules = (
			);
			dependencies = (
				4E722D5A299483A50026FA61 /* PBXTargetDependency */,
			);
			name = CarCloudUITests;
			productName = CarCloudUITests;
			productReference = 4E722D58299483A50026FA61 /* CarCloudUITests.xctest */;
			productType = "com.apple.product-type.bundle.ui-testing";
		};
/* End PBXNativeTarget section */

/* Begin PBXProject section */
		4E722D30299483A40026FA61 /* Project object */ = {
			isa = PBXProject;
			attributes = {
				BuildIndependentTargetsInParallel = 1;
				LastSwiftUpdateCheck = 1420;
				LastUpgradeCheck = 1420;
				TargetAttributes = {
					4E722D37299483A40026FA61 = {
						CreatedOnToolsVersion = 14.2;
					};
					4E722D4D299483A50026FA61 = {
						CreatedOnToolsVersion = 14.2;
						TestTargetID = 4E722D37299483A40026FA61;
					};
					4E722D57299483A50026FA61 = {
						CreatedOnToolsVersion = 14.2;
						TestTargetID = 4E722D37299483A40026FA61;
					};
				};
			};
			buildConfigurationList = 4E722D33299483A40026FA61 /* Build configuration list for PBXProject "CarCloud" */;
			compatibilityVersion = "Xcode 14.0";
			developmentRegion = en;
			hasScannedForEncodings = 0;
			knownRegions = (
				en,
				Base,
			);
			mainGroup = 4E722D2F299483A40026FA61;
			productRefGroup = 4E722D39299483A40026FA61 /* Products */;
			projectDirPath = "";
			projectRoot = "";
			targets = (
				4E722D37299483A40026FA61 /* CarCloud */,
				4E722D4D299483A50026FA61 /* CarCloudTests */,
				4E722D57299483A50026FA61 /* CarCloudUITests */,
			);
		};
/* End PBXProject section */

/* Begin PBXResourcesBuildPhase section */
		4E722D36299483A40026FA61 /* Resources */ = {
			isa = PBXResourcesBuildPhase;
			buildActionMask = 2147483647;
			files = (
				4E722D48299483A50026FA61 /* LaunchScreen.storyboard in Resources */,
				4E722D45299483A50026FA61 /* Assets.xcassets in Resources */,
				4E722D43299483A40026FA61 /* Main.storyboard in Resources */,
			);
			runOnlyForDeploymentPostprocessing = 0;
		};
		4E722D4C299483A50026FA61 /* Resources */ = {
			isa = PBXResourcesBuildPhase;
			buildActionMask = 2147483647;
			files = (
			);
			runOnlyForDeploymentPostprocessing = 0;
		};
		4E722D56299483A50026FA61 /* Resources */ = {
			isa = PBXResourcesBuildPhase;
			buildActionMask = 2147483647;
			files = (
			);
			runOnlyForDeploymentPostprocessing = 0;
		};
/* End PBXResourcesBuildPhase section */

/* Begin PBXSourcesBuildPhase section */
		4E722D34299483A40026FA61 /* Sources */ = {
			isa = PBXSourcesBuildPhase;
			buildActionMask = 2147483647;
			files = (
				4E722D40299483A40026FA61 /* ViewController.swift in Sources */,
				4E722D79299484DF0026FA61 /* BaseNavigationController.swift in Sources */,
				4E722D3C299483A40026FA61 /* AppDelegate.swift in Sources */,
				4E722D3E299483A40026FA61 /* SceneDelegate.swift in Sources */,
				4E722D76299484DF0026FA61 /* CenterVC.swift in Sources */,
				4E722D77299484DF0026FA61 /* HeadVC.swift in Sources */,
				4E722D78299484DF0026FA61 /* BaseViewController.swift in Sources */,
				4E722D7A299484DF0026FA61 /* BaseTabbarViewController.swift in Sources */,
				4E722D7B299484DF0026FA61 /* MySelfVC.swift in Sources */,
			);
			runOnlyForDeploymentPostprocessing = 0;
		};
		4E722D4A299483A50026FA61 /* Sources */ = {
			isa = PBXSourcesBuildPhase;
			buildActionMask = 2147483647;
			files = (
				4E722D53299483A50026FA61 /* CarCloudTests.swift in Sources */,
			);
			runOnlyForDeploymentPostprocessing = 0;
		};
		4E722D54299483A50026FA61 /* Sources */ = {
			isa = PBXSourcesBuildPhase;
			buildActionMask = 2147483647;
			files = (
				4E722D5F299483A50026FA61 /* CarCloudUITestsLaunchTests.swift in Sources */,
				4E722D5D299483A50026FA61 /* CarCloudUITests.swift in Sources */,
			);
			runOnlyForDeploymentPostprocessing = 0;
		};
/* End PBXSourcesBuildPhase section */

/* Begin PBXTargetDependency section */
		4E722D50299483A50026FA61 /* PBXTargetDependency */ = {
			isa = PBXTargetDependency;
			target = 4E722D37299483A40026FA61 /* CarCloud */;
			targetProxy = 4E722D4F299483A50026FA61 /* PBXContainerItemProxy */;
		};
		4E722D5A299483A50026FA61 /* PBXTargetDependency */ = {
			isa = PBXTargetDependency;
			target = 4E722D37299483A40026FA61 /* CarCloud */;
			targetProxy = 4E722D59299483A50026FA61 /* PBXContainerItemProxy */;
		};
/* End PBXTargetDependency section */

/* Begin PBXVariantGroup section */
		4E722D41299483A40026FA61 /* Main.storyboard */ = {
			isa = PBXVariantGroup;
			children = (
				4E722D42299483A40026FA61 /* Base */,
			);
			name = Main.storyboard;
			sourceTree = "<group>";
		};
		4E722D46299483A50026FA61 /* LaunchScreen.storyboard */ = {
			isa = PBXVariantGroup;
			children = (
				4E722D47299483A50026FA61 /* Base */,
			);
			name = LaunchScreen.storyboard;
			sourceTree = "<group>";
		};
/* End PBXVariantGroup section */

/* Begin XCBuildConfiguration section */
		4E722D60299483A50026FA61 /* Debug */ = {
			isa = XCBuildConfiguration;
			buildSettings = {
				ALWAYS_SEARCH_USER_PATHS = NO;
				CLANG_ANALYZER_NONNULL = YES;
				CLANG_ANALYZER_NUMBER_OBJECT_CONVERSION = YES_AGGRESSIVE;
				CLANG_CXX_LANGUAGE_STANDARD = "gnu++20";
				CLANG_ENABLE_MODULES = YES;
				CLANG_ENABLE_OBJC_ARC = YES;
				CLANG_ENABLE_OBJC_WEAK = YES;
				CLANG_WARN_BLOCK_CAPTURE_AUTORELEASING = YES;
				CLANG_WARN_BOOL_CONVERSION = YES;
				CLANG_WARN_COMMA = YES;
				CLANG_WARN_CONSTANT_CONVERSION = YES;
				CLANG_WARN_DEPRECATED_OBJC_IMPLEMENTATIONS = YES;
				CLANG_WARN_DIRECT_OBJC_ISA_USAGE = YES_ERROR;
				CLANG_WARN_DOCUMENTATION_COMMENTS = YES;
				CLANG_WARN_EMPTY_BODY = YES;
				CLANG_WARN_ENUM_CONVERSION = YES;
				CLANG_WARN_INFINITE_RECURSION = YES;
				CLANG_WARN_INT_CONVERSION = YES;
				CLANG_WARN_NON_LITERAL_NULL_CONVERSION = YES;
				CLANG_WARN_OBJC_IMPLICIT_RETAIN_SELF = YES;
				CLANG_WARN_OBJC_LITERAL_CONVERSION = YES;
				CLANG_WARN_OBJC_ROOT_CLASS = YES_ERROR;
				CLANG_WARN_QUOTED_INCLUDE_IN_FRAMEWORK_HEADER = YES;
				CLANG_WARN_RANGE_LOOP_ANALYSIS = YES;
				CLANG_WARN_STRICT_PROTOTYPES = YES;
				CLANG_WARN_SUSPICIOUS_MOVE = YES;
				CLANG_WARN_UNGUARDED_AVAILABILITY = YES_AGGRESSIVE;
				CLANG_WARN_UNREACHABLE_CODE = YES;
				CLANG_WARN__DUPLICATE_METHOD_MATCH = YES;
				COPY_PHASE_STRIP = NO;
				DEBUG_INFORMATION_FORMAT = dwarf;
				ENABLE_STRICT_OBJC_MSGSEND = YES;
				ENABLE_TESTABILITY = YES;
				GCC_C_LANGUAGE_STANDARD = gnu11;
				GCC_DYNAMIC_NO_PIC = NO;
				GCC_NO_COMMON_BLOCKS = YES;
				GCC_OPTIMIZATION_LEVEL = 0;
				GCC_PREPROCESSOR_DEFINITIONS = (
					"DEBUG=1",
					"$(inherited)",
				);
				GCC_WARN_64_TO_32_BIT_CONVERSION = YES;
				GCC_WARN_ABOUT_RETURN_TYPE = YES_ERROR;
				GCC_WARN_UNDECLARED_SELECTOR = YES;
				GCC_WARN_UNINITIALIZED_AUTOS = YES_AGGRESSIVE;
				GCC_WARN_UNUSED_FUNCTION = YES;
				GCC_WARN_UNUSED_VARIABLE = YES;
				IPHONEOS_DEPLOYMENT_TARGET = 16.2;
				MTL_ENABLE_DEBUG_INFO = INCLUDE_SOURCE;
				MTL_FAST_MATH = YES;
				ONLY_ACTIVE_ARCH = YES;
				SDKROOT = iphoneos;
				SWIFT_ACTIVE_COMPILATION_CONDITIONS = DEBUG;
				SWIFT_OPTIMIZATION_LEVEL = "-Onone";
			};
			name = Debug;
		};
		4E722D61299483A50026FA61 /* Release */ = {
			isa = XCBuildConfiguration;
			buildSettings = {
				ALWAYS_SEARCH_USER_PATHS = NO;
				CLANG_ANALYZER_NONNULL = YES;
				CLANG_ANALYZER_NUMBER_OBJECT_CONVERSION = YES_AGGRESSIVE;
				CLANG_CXX_LANGUAGE_STANDARD = "gnu++20";
				CLANG_ENABLE_MODULES = YES;
				CLANG_ENABLE_OBJC_ARC = YES;
				CLANG_ENABLE_OBJC_WEAK = YES;
				CLANG_WARN_BLOCK_CAPTURE_AUTORELEASING = YES;
				CLANG_WARN_BOOL_CONVERSION = YES;
				CLANG_WARN_COMMA = YES;
				CLANG_WARN_CONSTANT_CONVERSION = YES;
				CLANG_WARN_DEPRECATED_OBJC_IMPLEMENTATIONS = YES;
				CLANG_WARN_DIRECT_OBJC_ISA_USAGE = YES_ERROR;
				CLANG_WARN_DOCUMENTATION_COMMENTS = YES;
				CLANG_WARN_EMPTY_BODY = YES;
				CLANG_WARN_ENUM_CONVERSION = YES;
				CLANG_WARN_INFINITE_RECURSION = YES;
				CLANG_WARN_INT_CONVERSION = YES;
				CLANG_WARN_NON_LITERAL_NULL_CONVERSION = YES;
				CLANG_WARN_OBJC_IMPLICIT_RETAIN_SELF = YES;
				CLANG_WARN_OBJC_LITERAL_CONVERSION = YES;
				CLANG_WARN_OBJC_ROOT_CLASS = YES_ERROR;
				CLANG_WARN_QUOTED_INCLUDE_IN_FRAMEWORK_HEADER = YES;
				CLANG_WARN_RANGE_LOOP_ANALYSIS = YES;
				CLANG_WARN_STRICT_PROTOTYPES = YES;
				CLANG_WARN_SUSPICIOUS_MOVE = YES;
				CLANG_WARN_UNGUARDED_AVAILABILITY = YES_AGGRESSIVE;
				CLANG_WARN_UNREACHABLE_CODE = YES;
				CLANG_WARN__DUPLICATE_METHOD_MATCH = YES;
				COPY_PHASE_STRIP = NO;
				DEBUG_INFORMATION_FORMAT = "dwarf-with-dsym";
				ENABLE_NS_ASSERTIONS = NO;
				ENABLE_STRICT_OBJC_MSGSEND = YES;
				GCC_C_LANGUAGE_STANDARD = gnu11;
				GCC_NO_COMMON_BLOCKS = YES;
				GCC_WARN_64_TO_32_BIT_CONVERSION = YES;
				GCC_WARN_ABOUT_RETURN_TYPE = YES_ERROR;
				GCC_WARN_UNDECLARED_SELECTOR = YES;
				GCC_WARN_UNINITIALIZED_AUTOS = YES_AGGRESSIVE;
				GCC_WARN_UNUSED_FUNCTION = YES;
				GCC_WARN_UNUSED_VARIABLE = YES;
				IPHONEOS_DEPLOYMENT_TARGET = 16.2;
				MTL_ENABLE_DEBUG_INFO = NO;
				MTL_FAST_MATH = YES;
				SDKROOT = iphoneos;
				SWIFT_COMPILATION_MODE = wholemodule;
				SWIFT_OPTIMIZATION_LEVEL = "-O";
				VALIDATE_PRODUCT = YES;
			};
			name = Release;
		};
		4E722D63299483A50026FA61 /* Debug */ = {
			isa = XCBuildConfiguration;
			buildSettings = {
				ASSETCATALOG_COMPILER_APPICON_NAME = AppIcon;
				ASSETCATALOG_COMPILER_GLOBAL_ACCENT_COLOR_NAME = AccentColor;
				CODE_SIGN_STYLE = Automatic;
				CURRENT_PROJECT_VERSION = 1;
				DEVELOPMENT_TEAM = 63HSVJGTZS;
				GENERATE_INFOPLIST_FILE = YES;
				INFOPLIST_FILE = CarCloud/Info.plist;
				INFOPLIST_KEY_CFBundleDisplayName = "車艺云";
				INFOPLIST_KEY_UIApplicationSupportsIndirectInputEvents = YES;
				INFOPLIST_KEY_UILaunchStoryboardName = Main.storyboard;
				INFOPLIST_KEY_UIMainStoryboardFile = Main;
				INFOPLIST_KEY_UISupportedInterfaceOrientations_iPad = "UIInterfaceOrientationPortrait UIInterfaceOrientationPortraitUpsideDown UIInterfaceOrientationLandscapeLeft UIInterfaceOrientationLandscapeRight";
				INFOPLIST_KEY_UISupportedInterfaceOrientations_iPhone = "UIInterfaceOrientationPortrait UIInterfaceOrientationLandscapeLeft UIInterfaceOrientationLandscapeRight";
				IPHONEOS_DEPLOYMENT_TARGET = 13.0;
				LD_RUNPATH_SEARCH_PATHS = (
					"$(inherited)",
					"@executable_path/Frameworks",
				);
				MARKETING_VERSION = 1.0;
				PRODUCT_BUNDLE_IDENTIFIER = com.yunsheng.CarCloud;
				PRODUCT_NAME = "$(TARGET_NAME)";
				SWIFT_EMIT_LOC_STRINGS = YES;
				SWIFT_VERSION = 5.0;
				TARGETED_DEVICE_FAMILY = "1,2";
			};
			name = Debug;
		};
		4E722D64299483A50026FA61 /* Release */ = {
			isa = XCBuildConfiguration;
			buildSettings = {
				ASSETCATALOG_COMPILER_APPICON_NAME = AppIcon;
				ASSETCATALOG_COMPILER_GLOBAL_ACCENT_COLOR_NAME = AccentColor;
				CODE_SIGN_STYLE = Automatic;
				CURRENT_PROJECT_VERSION = 1;
				DEVELOPMENT_TEAM = 63HSVJGTZS;
				GENERATE_INFOPLIST_FILE = YES;
				INFOPLIST_FILE = CarCloud/Info.plist;
				INFOPLIST_KEY_CFBundleDisplayName = "車艺云";
				INFOPLIST_KEY_UIApplicationSupportsIndirectInputEvents = YES;
				INFOPLIST_KEY_UILaunchStoryboardName = Main.storyboard;
				INFOPLIST_KEY_UIMainStoryboardFile = Main;
				INFOPLIST_KEY_UISupportedInterfaceOrientations_iPad = "UIInterfaceOrientationPortrait UIInterfaceOrientationPortraitUpsideDown UIInterfaceOrientationLandscapeLeft UIInterfaceOrientationLandscapeRight";
				INFOPLIST_KEY_UISupportedInterfaceOrientations_iPhone = "UIInterfaceOrientationPortrait UIInterfaceOrientationLandscapeLeft UIInterfaceOrientationLandscapeRight";
				IPHONEOS_DEPLOYMENT_TARGET = 13.0;
				LD_RUNPATH_SEARCH_PATHS = (
					"$(inherited)",
					"@executable_path/Frameworks",
				);
				MARKETING_VERSION = 1.0;
				PRODUCT_BUNDLE_IDENTIFIER = com.yunsheng.CarCloud;
				PRODUCT_NAME = "$(TARGET_NAME)";
				SWIFT_EMIT_LOC_STRINGS = YES;
				SWIFT_VERSION = 5.0;
				TARGETED_DEVICE_FAMILY = "1,2";
			};
			name = Release;
		};
		4E722D66299483A50026FA61 /* Debug */ = {
			isa = XCBuildConfiguration;
			buildSettings = {
				ALWAYS_EMBED_SWIFT_STANDARD_LIBRARIES = YES;
				BUNDLE_LOADER = "$(TEST_HOST)";
				CODE_SIGN_STYLE = Automatic;
				CURRENT_PROJECT_VERSION = 1;
				DEVELOPMENT_TEAM = 63HSVJGTZS;
				GENERATE_INFOPLIST_FILE = YES;
				IPHONEOS_DEPLOYMENT_TARGET = 16.2;
				MARKETING_VERSION = 1.0;
				PRODUCT_BUNDLE_IDENTIFIER = com.yunsheng.CarCloudTests;
				PRODUCT_NAME = "$(TARGET_NAME)";
				SWIFT_EMIT_LOC_STRINGS = NO;
				SWIFT_VERSION = 5.0;
				TARGETED_DEVICE_FAMILY = "1,2";
				TEST_HOST = "$(BUILT_PRODUCTS_DIR)/CarCloud.app/$(BUNDLE_EXECUTABLE_FOLDER_PATH)/CarCloud";
			};
			name = Debug;
		};
		4E722D67299483A50026FA61 /* Release */ = {
			isa = XCBuildConfiguration;
			buildSettings = {
				ALWAYS_EMBED_SWIFT_STANDARD_LIBRARIES = YES;
				BUNDLE_LOADER = "$(TEST_HOST)";
				CODE_SIGN_STYLE = Automatic;
				CURRENT_PROJECT_VERSION = 1;
				DEVELOPMENT_TEAM = 63HSVJGTZS;
				GENERATE_INFOPLIST_FILE = YES;
				IPHONEOS_DEPLOYMENT_TARGET = 16.2;
				MARKETING_VERSION = 1.0;
				PRODUCT_BUNDLE_IDENTIFIER = com.yunsheng.CarCloudTests;
				PRODUCT_NAME = "$(TARGET_NAME)";
				SWIFT_EMIT_LOC_STRINGS = NO;
				SWIFT_VERSION = 5.0;
				TARGETED_DEVICE_FAMILY = "1,2";
				TEST_HOST = "$(BUILT_PRODUCTS_DIR)/CarCloud.app/$(BUNDLE_EXECUTABLE_FOLDER_PATH)/CarCloud";
			};
			name = Release;
		};
		4E722D69299483A50026FA61 /* Debug */ = {
			isa = XCBuildConfiguration;
			buildSettings = {
				ALWAYS_EMBED_SWIFT_STANDARD_LIBRARIES = YES;
				CODE_SIGN_STYLE = Automatic;
				CURRENT_PROJECT_VERSION = 1;
				DEVELOPMENT_TEAM = 63HSVJGTZS;
				GENERATE_INFOPLIST_FILE = YES;
				MARKETING_VERSION = 1.0;
				PRODUCT_BUNDLE_IDENTIFIER = com.yunsheng.CarCloudUITests;
				PRODUCT_NAME = "$(TARGET_NAME)";
				SWIFT_EMIT_LOC_STRINGS = NO;
				SWIFT_VERSION = 5.0;
				TARGETED_DEVICE_FAMILY = "1,2";
				TEST_TARGET_NAME = CarCloud;
			};
			name = Debug;
		};
		4E722D6A299483A50026FA61 /* Release */ = {
			isa = XCBuildConfiguration;
			buildSettings = {
				ALWAYS_EMBED_SWIFT_STANDARD_LIBRARIES = YES;
				CODE_SIGN_STYLE = Automatic;
				CURRENT_PROJECT_VERSION = 1;
				DEVELOPMENT_TEAM = 63HSVJGTZS;
				GENERATE_INFOPLIST_FILE = YES;
				MARKETING_VERSION = 1.0;
				PRODUCT_BUNDLE_IDENTIFIER = com.yunsheng.CarCloudUITests;
				PRODUCT_NAME = "$(TARGET_NAME)";
				SWIFT_EMIT_LOC_STRINGS = NO;
				SWIFT_VERSION = 5.0;
				TARGETED_DEVICE_FAMILY = "1,2";
				TEST_TARGET_NAME = CarCloud;
			};
			name = Release;
		};
/* End XCBuildConfiguration section */

/* Begin XCConfigurationList section */
		4E722D33299483A40026FA61 /* Build configuration list for PBXProject "CarCloud" */ = {
			isa = XCConfigurationList;
			buildConfigurations = (
				4E722D60299483A50026FA61 /* Debug */,
				4E722D61299483A50026FA61 /* Release */,
			);
			defaultConfigurationIsVisible = 0;
			defaultConfigurationName = Release;
		};
		4E722D62299483A50026FA61 /* Build configuration list for PBXNativeTarget "CarCloud" */ = {
			isa = XCConfigurationList;
			buildConfigurations = (
				4E722D63299483A50026FA61 /* Debug */,
				4E722D64299483A50026FA61 /* Release */,
			);
			defaultConfigurationIsVisible = 0;
			defaultConfigurationName = Release;
		};
		4E722D65299483A50026FA61 /* Build configuration list for PBXNativeTarget "CarCloudTests" */ = {
			isa = XCConfigurationList;
			buildConfigurations = (
				4E722D66299483A50026FA61 /* Debug */,
				4E722D67299483A50026FA61 /* Release */,
			);
			defaultConfigurationIsVisible = 0;
			defaultConfigurationName = Release;
		};
		4E722D68299483A50026FA61 /* Build configuration list for PBXNativeTarget "CarCloudUITests" */ = {
			isa = XCConfigurationList;
			buildConfigurations = (
				4E722D69299483A50026FA61 /* Debug */,
				4E722D6A299483A50026FA61 /* Release */,
			);
			defaultConfigurationIsVisible = 0;
			defaultConfigurationName = Release;
		};
/* End XCConfigurationList section */
	};
	rootObject = 4E722D30299483A40026FA61 /* Project object */;
}
